
Microsoft Visual Studio Solution File, Format Version 12.00
# Visual Studio 15
Project("{FAE04EC0-301F-11D3-BF4B-00C04F79EFBC}") = "AdventOfCode2015", "AdventOfCode2015\AdventOfCode2015.csproj", "{AF857A78-176D-4258-9E38-91B13792F905}"
EndProject
Global
	GlobalSection(SolutionConfigurationPlatforms) = preSolution
		Debug|Any CPU = Debug|Any CPU
		Release|Any CPU = Release|Any CPU
	EndGlobalSection
	GlobalSection(ProjectConfigurationPlatforms) = postSolution
		{AF857A78-176D-4258-9E38-91B13792F905}.Debug|Any CPU.ActiveCfg = Debug|Any CPU
		{AF857A78-176D-4258-9E38-91B13792F905}.Debug|Any CPU.Build.0 = Debug|Any CPU
		{AF857A78-176D-4258-9E38-91B13792F905}.Release|Any CPU.ActiveCfg = Release|Any CPU
		{AF857A78-176D-4258-9E38-91B13792F905}.Release|Any CPU.Build.0 = Release|Any CPU
	EndGlobalSection
EndGlobal
